<?xml version="1.0" encoding="utf-8"?>
<Project ToolsVersion="4.0" xmlns="http://schemas.microsoft.com/developer/msbuild/2003">
  <ItemGroup>
    <Filter Include="Source Files">
      <UniqueIdentifier>{4FC737F1-C7A5-4376-A066-2A32D752A2FF}</UniqueIdentifier>
      <Extensions>cpp;c;cc;cxx;c++;cppm;ixx;def;odl;idl;hpj;bat;asm;asmx</Extensions>
    </Filter>
    <Filter Include="Header Files">
      <UniqueIdentifier>{93995380-89BD-4b04-88EB-625FBE52EBFB}</UniqueIdentifier>
      <Extensions>h;hh;hpp;hxx;h++;hm;inl;inc;ipp;xsd</Extensions>
    </Filter>
    <Filter Include="Resource Files">
      <UniqueIdentifier>{67DA6AB6-F800-4c08-8B7A-83BB121AAD01}</UniqueIdentifier>
      <Extensions>rc;ico;cur;bmp;dlg;rc2;rct;bin;rgs;gif;jpg;jpeg;jpe;resx;tiff;tif;png;wav;mfcribbon-ms</Extensions>
    </Filter>
    <Filter Include="Source Files\graphics">
      <UniqueIdentifier>{0cd2b51f-bdc7-432f-ae3b-18a454793889}</UniqueIdentifier>
    </Filter>
    <Filter Include="Source Files\utilities">
      <UniqueIdentifier>{8685dbec-eea3-4694-8ad6-1d485578faef}</UniqueIdentifier>
    </Filter>
    <Filter Include="Header Files\StarSystemSim">
      <UniqueIdentifier>{314a4bfa-39a8-4217-ab9d-4a06831da11b}</UniqueIdentifier>
    </Filter>
    <Filter Include="Header Files\StarSystemSim\graphics">
      <UniqueIdentifier>{4404fa75-c5eb-48fa-8f57-cb435b91f1ee}</UniqueIdentifier>
    </Filter>
    <Filter Include="Header Files\StarSystemSim\utilities">
      <UniqueIdentifier>{2f433e29-89b5-40a3-86f2-0501141b9e38}</UniqueIdentifier>
    </Filter>
    <Filter Include="Header Files\StarSystemSim\graphics\primitives">
      <UniqueIdentifier>{7bf3c455-b529-4850-9908-eeee87c03c96}</UniqueIdentifier>
    </Filter>
    <Filter Include="Source Files\graphics\primitives">
      <UniqueIdentifier>{219b62e4-232e-493c-ab19-6d0ae8e27dfa}</UniqueIdentifier>
    </Filter>
    <Filter Include="Header Files\StarSystemSim\physics">
      <UniqueIdentifier>{3d9088f2-df5b-4113-b6aa-a526e5c70828}</UniqueIdentifier>
    </Filter>
    <Filter Include="Source Files\physics">
      <UniqueIdentifier>{670574d4-8324-45d3-b4fa-5a342a4aa82c}</UniqueIdentifier>
    </Filter>
    <Filter Include="Source Files\imgui">
      <UniqueIdentifier>{75cc7e51-9c31-41c9-83ac-3ba6af94a290}</UniqueIdentifier>
    </Filter>
    <Filter Include="Header Files\StarSystemSim\imgui">
      <UniqueIdentifier>{2dac42b4-dfb8-47a1-a850-80f0157a9eb7}</UniqueIdentifier>
    </Filter>
    <Filter Include="Source Files\app">
      <UniqueIdentifier>{2ef41333-5687-439b-b8dc-89f29255c308}</UniqueIdentifier>
    </Filter>
    <Filter Include="Header Files\StarSystemSim\app">
      <UniqueIdentifier>{ebfa48b6-6755-4080-9a01-7f594b5b364b}</UniqueIdentifier>
    </Filter>
  </ItemGroup>
  <ItemGroup>
    <ClCompile Include="..\..\source\glad.c">
      <Filter>Source Files</Filter>
    </ClCompile>
    <ClCompile Include="..\..\source\main.cpp">
      <Filter>Source Files</Filter>
    </ClCompile>
    <ClCompile Include="..\..\source\graphics\camera.cpp">
      <Filter>Source Files\graphics</Filter>
    </ClCompile>
    <ClCompile Include="..\..\source\graphics\mesh.cpp">
      <Filter>Source Files\graphics</Filter>
    </ClCompile>
    <ClCompile Include="..\..\source\graphics\model.cpp">
      <Filter>Source Files\graphics</Filter>
    </ClCompile>
    <ClCompile Include="..\..\source\graphics\object.cpp">
      <Filter>Source Files\graphics</Filter>
    </ClCompile>
    <ClCompile Include="..\..\source\graphics\shader.cpp">
      <Filter>Source Files\graphics</Filter>
    </ClCompile>
    <ClCompile Include="..\..\source\utilities\load_text_file.cpp">
      <Filter>Source Files\utilities</Filter>
    </ClCompile>
    <ClCompile Include="..\..\source\utilities\string_manipulations.cpp">
      <Filter>Source Files\utilities</Filter>
    </ClCompile>
    <ClCompile Include="..\..\source\utilities\timer.cpp">
      <Filter>Source Files\utilities</Filter>
    </ClCompile>
    <ClCompile Include="..\..\source\utilities\error.cpp">
      <Filter>Source Files\utilities</Filter>
    </ClCompile>
    <ClCompile Include="..\..\source\graphics\primitives\cube.cpp">
      <Filter>Source Files\graphics\primitives</Filter>
    </ClCompile>
    <ClCompile Include="..\..\source\graphics\primitives\plane.cpp">
      <Filter>Source Files\graphics\primitives</Filter>
    </ClCompile>
    <ClCompile Include="..\..\source\graphics\primitives\point_light.cpp">
      <Filter>Source Files\graphics\primitives</Filter>
    </ClCompile>
    <ClCompile Include="..\..\source\graphics\planet.cpp">
      <Filter>Source Files\graphics</Filter>
    </ClCompile>
    <ClCompile Include="..\..\source\graphics\skybox.cpp">
      <Filter>Source Files\graphics</Filter>
    </ClCompile>
    <ClCompile Include="..\..\source\graphics\star.cpp">
      <Filter>Source Files\graphics</Filter>
    </ClCompile>
    <ClCompile Include="..\..\source\physics\body.cpp">
      <Filter>Source Files\physics</Filter>
    </ClCompile>
    <ClCompile Include="..\..\source\physics\engine.cpp">
      <Filter>Source Files\physics</Filter>
    </ClCompile>
    <ClCompile Include="..\..\source\imgui\imgui_impl_glfw.cpp">
      <Filter>Source Files\imgui</Filter>
    </ClCompile>
    <ClCompile Include="..\..\source\imgui\imgui_impl_opengl3.cpp">
      <Filter>Source Files\imgui</Filter>
    </ClCompile>
    <ClCompile Include="..\..\source\imgui\imgui_tables.cpp">
      <Filter>Source Files\imgui</Filter>
    </ClCompile>
    <ClCompile Include="..\..\source\imgui\imgui_widgets.cpp">
      <Filter>Source Files\imgui</Filter>
    </ClCompile>
    <ClCompile Include="..\..\source\imgui\imgui.cpp">
      <Filter>Source Files\imgui</Filter>
    </ClCompile>
    <ClCompile Include="..\..\source\imgui\imgui_draw.cpp">
      <Filter>Source Files\imgui</Filter>
    </ClCompile>
    <ClCompile Include="..\..\source\app\event_manager.cpp">
      <Filter>Source Files\app</Filter>
    </ClCompile>
    <ClCompile Include="..\..\source\graphics\renderer.cpp">
      <Filter>Source Files\graphics</Filter>
    </ClCompile>
    <ClCompile Include="..\..\source\app\app.cpp">
      <Filter>Source Files\app</Filter>
    </ClCompile>
  </ItemGroup>
  <ItemGroup>
    <ClInclude Include="..\..\include\StarSystemSim\graphics\camera.h">
      <Filter>Header Files\StarSystemSim\graphics</Filter>
    </ClInclude>
    <ClInclude Include="..\..\include\StarSystemSim\graphics\material.h">
      <Filter>Header Files\StarSystemSim\graphics</Filter>
    </ClInclude>
    <ClInclude Include="..\..\include\StarSystemSim\graphics\mesh.h">
      <Filter>Header Files\StarSystemSim\graphics</Filter>
    </ClInclude>
    <ClInclude Include="..\..\include\StarSystemSim\graphics\model.h">
      <Filter>Header Files\StarSystemSim\graphics</Filter>
    </ClInclude>
    <ClInclude Include="..\..\include\StarSystemSim\graphics\object.h">
      <Filter>Header Files\StarSystemSim\graphics</Filter>
    </ClInclude>
    <ClInclude Include="..\..\include\StarSystemSim\graphics\shader.h">
      <Filter>Header Files\StarSystemSim\graphics</Filter>
    </ClInclude>
    <ClInclude Include="..\..\include\StarSystemSim\utilities\load_text_file.h">
      <Filter>Header Files\StarSystemSim\utilities</Filter>
    </ClInclude>
    <ClInclude Include="..\..\include\StarSystemSim\utilities\string_manipulations.h">
      <Filter>Header Files\StarSystemSim\utilities</Filter>
    </ClInclude>
    <ClInclude Include="..\..\include\StarSystemSim\utilities\timer.h">
      <Filter>Header Files\StarSystemSim\utilities</Filter>
    </ClInclude>
    <ClInclude Include="..\..\include\StarSystemSim\utilities\error.h">
      <Filter>Header Files\StarSystemSim\utilities</Filter>
    </ClInclude>
    <ClInclude Include="..\..\include\StarSystemSim\graphics\primitives\cube.h">
      <Filter>Header Files\StarSystemSim\graphics\primitives</Filter>
    </ClInclude>
    <ClInclude Include="..\..\include\StarSystemSim\graphics\primitives\plane.h">
      <Filter>Header Files\StarSystemSim\graphics\primitives</Filter>
    </ClInclude>
    <ClInclude Include="..\..\include\StarSystemSim\graphics\primitives\point_light.h">
      <Filter>Header Files\StarSystemSim\graphics\primitives</Filter>
    </ClInclude>
    <ClInclude Include="..\..\include\stb_image.h">
      <Filter>Header Files</Filter>
    </ClInclude>
    <ClInclude Include="..\..\include\StarSystemSim\graphics\planet.h">
      <Filter>Header Files\StarSystemSim\graphics</Filter>
    </ClInclude>
    <ClInclude Include="..\..\include\StarSystemSim\graphics\skybox.h">
      <Filter>Header Files\StarSystemSim\graphics</Filter>
    </ClInclude>
    <ClInclude Include="..\..\include\StarSystemSim\graphics\star.h">
      <Filter>Header Files\StarSystemSim\graphics</Filter>
    </ClInclude>
    <ClInclude Include="..\..\include\StarSystemSim\physics\body.h">
      <Filter>Header Files\StarSystemSim\physics</Filter>
    </ClInclude>
    <ClInclude Include="..\..\include\StarSystemSim\physics\engine.h">
      <Filter>Header Files\StarSystemSim\physics</Filter>
    </ClInclude>
    <ClInclude Include="..\..\include\imgui\imgui_impl_glfw.h">
      <Filter>Header Files\StarSystemSim\imgui</Filter>
    </ClInclude>
    <ClInclude Include="..\..\include\imgui\imgui_impl_opengl3.h">
      <Filter>Header Files\StarSystemSim\imgui</Filter>
    </ClInclude>
    <ClInclude Include="..\..\include\imgui\imgui_internal.h">
      <Filter>Header Files\StarSystemSim\imgui</Filter>
    </ClInclude>
    <ClInclude Include="..\..\include\imgui\imstb_rectpack.h">
      <Filter>Header Files\StarSystemSim\imgui</Filter>
    </ClInclude>
    <ClInclude Include="..\..\include\imgui\imstb_textedit.h">
      <Filter>Header Files\StarSystemSim\imgui</Filter>
    </ClInclude>
    <ClInclude Include="..\..\include\imgui\imstb_truetype.h">
      <Filter>Header Files\StarSystemSim\imgui</Filter>
    </ClInclude>
    <ClInclude Include="..\..\include\imgui\imconfig.h">
      <Filter>Header Files\StarSystemSim\imgui</Filter>
    </ClInclude>
    <ClInclude Include="..\..\include\imgui\imgui.h">
      <Filter>Header Files\StarSystemSim\imgui</Filter>
    </ClInclude>
    <ClInclude Include="..\..\include\StarSystemSim\app\event_manager.h">
      <Filter>Header Files\StarSystemSim\app</Filter>
    </ClInclude>
    <ClInclude Include="..\..\include\StarSystemSim\graphics\renderer.h">
      <Filter>Header Files\StarSystemSim\graphics</Filter>
    </ClInclude>
    <ClInclude Include="..\..\include\StarSystemSim\app\app.h">
      <Filter>Header Files\StarSystemSim\app</Filter>
    </ClInclude>
  </ItemGroup>
</Project>